// !$*UTF8*$!
{
	archiveVersion = 1;
	classes = {
	};
	objectVersion = 77;
	objects = {

/* Begin PBXBuildFile section */
		0BA31B87E41BAE1AB132574D /* WhisperKit in Frameworks */ = {isa = PBXBuildFile; productRef = E177C4199EA6FFD854D13A87 /* WhisperKit */; };
		1F1463E5865BF4B7C7985FDE /* AudioService.swift in Sources */ = {isa = PBXBuildFile; fileRef = 1D31BDD4C1E1E0D8FB6ADFF3 /* AudioService.swift */; };
		345C55AB84A05BFADF31E7EB /* DictationRegressionTests.swift in Sources */ = {isa = PBXBuildFile; fileRef = 64418C43936F1A6374C30481 /* DictationRegressionTests.swift */; };
		42A72191909220E9D0FFD2EF /* TextInsertionService.swift in Sources */ = {isa = PBXBuildFile; fileRef = CDDA52F410D49830AE1AA4F2 /* TextInsertionService.swift */; };
		4AE80D5BCC67626ECC4294EE /* MenuBarView.swift in Sources */ = {isa = PBXBuildFile; fileRef = 054A0024E9A7E2C55D4CA200 /* MenuBarView.swift */; };
		4D749DB7892B079F3C7A4B24 /* HotkeyService.swift in Sources */ = {isa = PBXBuildFile; fileRef = AC0FE5D340B33A645E4E55C2 /* HotkeyService.swift */; };
		5F1A5C6AE4E0D0FC85C9EAAC /* SettingsView.swift in Sources */ = {isa = PBXBuildFile; fileRef = AD0CDFF724A58FB4786C0211 /* SettingsView.swift */; };
		660819813D7CFEFE04052F8B /* WhisperSwiftKeyApp.swift in Sources */ = {isa = PBXBuildFile; fileRef = 9521A1892E33782CDD712E4B /* WhisperSwiftKeyApp.swift */; };
		81EDA901A5B89F70A50F4E39 /* OnboardingView.swift in Sources */ = {isa = PBXBuildFile; fileRef = 7523E22EB403FC1A9D6AC67F /* OnboardingView.swift */; };
		878D3F45A2B7B60FF000C786 /* Transcription.swift in Sources */ = {isa = PBXBuildFile; fileRef = 82BF653E80F483A3CC7E39DF /* Transcription.swift */; };
		9715D40548791DE98FC223E0 /* WhisperService.swift in Sources */ = {isa = PBXBuildFile; fileRef = D189255E0F22961EB151A53F /* WhisperService.swift */; };
		AD4AAE2417043C893A6A5E77 /* Media.xcassets in Resources */ = {isa = PBXBuildFile; fileRef = 5EB96B05213BE1708D7C9D38 /* Media.xcassets */; };
		BCC69D126D585286E12877B1 /* AppState.swift in Sources */ = {isa = PBXBuildFile; fileRef = 52882CF9CBA0FB24698EDCF6 /* AppState.swift */; };
		BE379AFA0AAEC1821D9EE706 /* RecordingOverlayView.swift in Sources */ = {isa = PBXBuildFile; fileRef = 5FB64F852AB6FE77871382D5 /* RecordingOverlayView.swift */; };
/* End PBXBuildFile section */

/* Begin PBXContainerItemProxy section */
		1254BF4068C9854784BA6CB6 /* PBXContainerItemProxy */ = {
			isa = PBXContainerItemProxy;
			containerPortal = 2C5895126E310C2468C9FB1E /* Project object */;
			proxyType = 1;
			remoteGlobalIDString = 3B5942156D505A4862311449;
			remoteInfo = WhisperSwiftKey;
		};
/* End PBXContainerItemProxy section */

/* Begin PBXFileReference section */
		054A0024E9A7E2C55D4CA200 /* MenuBarView.swift */ = {isa = PBXFileReference; lastKnownFileType = sourcecode.swift; path = MenuBarView.swift; sourceTree = "<group>"; };
		14EEC6DAC8A1557C0539B16C /* WhisperSwiftKeyTests.xctest */ = {isa = PBXFileReference; explicitFileType = wrapper.cfbundle; includeInIndex = 0; path = WhisperSwiftKeyTests.xctest; sourceTree = BUILT_PRODUCTS_DIR; };
		1B20F86DE7D8C0A295EBEB0A /* WhisperSwiftKey.entitlements */ = {isa = PBXFileReference; lastKnownFileType = text.plist.entitlements; path = WhisperSwiftKey.entitlements; sourceTree = "<group>"; };
		1D31BDD4C1E1E0D8FB6ADFF3 /* AudioService.swift */ = {isa = PBXFileReference; lastKnownFileType = sourcecode.swift; path = AudioService.swift; sourceTree = "<group>"; };
		52882CF9CBA0FB24698EDCF6 /* AppState.swift */ = {isa = PBXFileReference; lastKnownFileType = sourcecode.swift; path = AppState.swift; sourceTree = "<group>"; };
		5EB96B05213BE1708D7C9D38 /* Media.xcassets */ = {isa = PBXFileReference; lastKnownFileType = folder.assetcatalog; path = Media.xcassets; sourceTree = "<group>"; };
		5FB64F852AB6FE77871382D5 /* RecordingOverlayView.swift */ = {isa = PBXFileReference; lastKnownFileType = sourcecode.swift; path = RecordingOverlayView.swift; sourceTree = "<group>"; };
		64418C43936F1A6374C30481 /* DictationRegressionTests.swift */ = {isa = PBXFileReference; lastKnownFileType = sourcecode.swift; path = DictationRegressionTests.swift; sourceTree = "<group>"; };
		7523E22EB403FC1A9D6AC67F /* OnboardingView.swift */ = {isa = PBXFileReference; lastKnownFileType = sourcecode.swift; path = OnboardingView.swift; sourceTree = "<group>"; };
		7C534DBA301653FBF8BB561E /* WhisperSwiftKey.app */ = {isa = PBXFileReference; explicitFileType = wrapper.application; includeInIndex = 0; path = WhisperSwiftKey.app; sourceTree = BUILT_PRODUCTS_DIR; };
		82BF653E80F483A3CC7E39DF /* Transcription.swift */ = {isa = PBXFileReference; lastKnownFileType = sourcecode.swift; path = Transcription.swift; sourceTree = "<group>"; };
		9521A1892E33782CDD712E4B /* WhisperSwiftKeyApp.swift */ = {isa = PBXFileReference; lastKnownFileType = sourcecode.swift; path = WhisperSwiftKeyApp.swift; sourceTree = "<group>"; };
		95544CFB280BFF5584DBEE0F /* Info.plist */ = {isa = PBXFileReference; lastKnownFileType = text.plist; path = Info.plist; sourceTree = "<group>"; };
		AC0FE5D340B33A645E4E55C2 /* HotkeyService.swift */ = {isa = PBXFileReference; lastKnownFileType = sourcecode.swift; path = HotkeyService.swift; sourceTree = "<group>"; };
		AD0CDFF724A58FB4786C0211 /* SettingsView.swift */ = {isa = PBXFileReference; lastKnownFileType = sourcecode.swift; path = SettingsView.swift; sourceTree = "<group>"; };
		CDDA52F410D49830AE1AA4F2 /* TextInsertionService.swift */ = {isa = PBXFileReference; lastKnownFileType = sourcecode.swift; path = TextInsertionService.swift; sourceTree = "<group>"; };
		D189255E0F22961EB151A53F /* WhisperService.swift */ = {isa = PBXFileReference; lastKnownFileType = sourcecode.swift; path = WhisperService.swift; sourceTree = "<group>"; };
/* End PBXFileReference section */

/* Begin PBXFrameworksBuildPhase section */
		90B1E77C8ECC4F047E2327BF /* Frameworks */ = {
			isa = PBXFrameworksBuildPhase;
			buildActionMask = 2147483647;
			files = (
				0BA31B87E41BAE1AB132574D /* WhisperKit in Frameworks */,
			);
			runOnlyForDeploymentPostprocessing = 0;
		};
/* End PBXFrameworksBuildPhase section */

/* Begin PBXGroup section */
		02FFFF1B7EA7E6444E485E3F /* Services */ = {
			isa = PBXGroup;
			children = (
				1D31BDD4C1E1E0D8FB6ADFF3 /* AudioService.swift */,
				AC0FE5D340B33A645E4E55C2 /* HotkeyService.swift */,
				CDDA52F410D49830AE1AA4F2 /* TextInsertionService.swift */,
				D189255E0F22961EB151A53F /* WhisperService.swift */,
			);
			path = Services;
			sourceTree = "<group>";
		};
		09ADA61C35BF7A7E4E0A288E = {
			isa = PBXGroup;
			children = (
				5EB96B05213BE1708D7C9D38 /* Media.xcassets */,
				6E54AB7553D5A3D81E330728 /* WhisperSwiftKey */,
				588502D852D6C99623C38789 /* WhisperSwiftKeyTests */,
				B4E8424BC02A523512F8DCA2 /* Products */,
			);
			sourceTree = "<group>";
		};
		39102984F18F96C04D6AE31F /* Views */ = {
			isa = PBXGroup;
			children = (
				054A0024E9A7E2C55D4CA200 /* MenuBarView.swift */,
				7523E22EB403FC1A9D6AC67F /* OnboardingView.swift */,
				5FB64F852AB6FE77871382D5 /* RecordingOverlayView.swift */,
				AD0CDFF724A58FB4786C0211 /* SettingsView.swift */,
			);
			path = Views;
			sourceTree = "<group>";
		};
		588502D852D6C99623C38789 /* WhisperSwiftKeyTests */ = {
			isa = PBXGroup;
			children = (
				64418C43936F1A6374C30481 /* DictationRegressionTests.swift */,
			);
			path = WhisperSwiftKeyTests;
			sourceTree = "<group>";
		};
		6E54AB7553D5A3D81E330728 /* WhisperSwiftKey */ = {
			isa = PBXGroup;
			children = (
				95544CFB280BFF5584DBEE0F /* Info.plist */,
				1B20F86DE7D8C0A295EBEB0A /* WhisperSwiftKey.entitlements */,
				9521A1892E33782CDD712E4B /* WhisperSwiftKeyApp.swift */,
				8BACCB75816B18D8DB0A324F /* Models */,
				02FFFF1B7EA7E6444E485E3F /* Services */,
				39102984F18F96C04D6AE31F /* Views */,
			);
			path = WhisperSwiftKey;
			sourceTree = "<group>";
		};
		8BACCB75816B18D8DB0A324F /* Models */ = {
			isa = PBXGroup;
			children = (
				52882CF9CBA0FB24698EDCF6 /* AppState.swift */,
				82BF653E80F483A3CC7E39DF /* Transcription.swift */,
			);
			path = Models;
			sourceTree = "<group>";
		};
		B4E8424BC02A523512F8DCA2 /* Products */ = {
			isa = PBXGroup;
			children = (
				7C534DBA301653FBF8BB561E /* WhisperSwiftKey.app */,
				14EEC6DAC8A1557C0539B16C /* WhisperSwiftKeyTests.xctest */,
			);
			name = Products;
			sourceTree = "<group>";
		};
/* End PBXGroup section */

/* Begin PBXNativeTarget section */
		3B5942156D505A4862311449 /* WhisperSwiftKey */ = {
			isa = PBXNativeTarget;
			buildConfigurationList = 56D91A145713E579133D36EC /* Build configuration list for PBXNativeTarget "WhisperSwiftKey" */;
			buildPhases = (
				9D5F0CB3A70FAE7C6D658AE7 /* Sources */,
				BD9D08C2749E02D564F6A3D7 /* Resources */,
				90B1E77C8ECC4F047E2327BF /* Frameworks */,
			);
			buildRules = (
			);
			dependencies = (
			);
			name = WhisperSwiftKey;
			packageProductDependencies = (
				E177C4199EA6FFD854D13A87 /* WhisperKit */,
			);
			productName = WhisperSwiftKey;
			productReference = 7C534DBA301653FBF8BB561E /* WhisperSwiftKey.app */;
			productType = "com.apple.product-type.application";
		};
		3CDD70570B237D60B4268C1B /* WhisperSwiftKeyTests */ = {
			isa = PBXNativeTarget;
			buildConfigurationList = F2184E2AAB92FDD9B5F19BB4 /* Build configuration list for PBXNativeTarget "WhisperSwiftKeyTests" */;
			buildPhases = (
				C17C9E0D8D3CD18863C676C0 /* Sources */,
			);
			buildRules = (
			);
			dependencies = (
				4D30C1584C4134AD943F729E /* PBXTargetDependency */,
			);
			name = WhisperSwiftKeyTests;
			packageProductDependencies = (
			);
			productName = WhisperSwiftKeyTests;
			productReference = 14EEC6DAC8A1557C0539B16C /* WhisperSwiftKeyTests.xctest */;
			productType = "com.apple.product-type.bundle.unit-test";
		};
/* End PBXNativeTarget section */

/* Begin PBXProject section */
		2C5895126E310C2468C9FB1E /* Project object */ = {
			isa = PBXProject;
			attributes = {
				BuildIndependentTargetsInParallel = YES;
				LastUpgradeCheck = 1500;
				TargetAttributes = {
					3B5942156D505A4862311449 = {
						DevelopmentTeam = 34FWY7G2HB;
						ProvisioningStyle = Automatic;
					};
				};
			};
			buildConfigurationList = 718E0F11FF757DCC1A834639 /* Build configuration list for PBXProject "WhisperSwiftKey" */;
			developmentRegion = en;
			hasScannedForEncodings = 0;
			knownRegions = (
				Base,
				en,
			);
			mainGroup = 09ADA61C35BF7A7E4E0A288E;
			minimizedProjectReferenceProxies = 1;
			packageReferences = (
				CDBB0EA2695B703300D27583 /* XCRemoteSwiftPackageReference "WhisperKit" */,
			);
			preferredProjectObjectVersion = 77;
			productRefGroup = B4E8424BC02A523512F8DCA2 /* Products */;
			projectDirPath = "";
			projectRoot = "";
			targets = (
				3B5942156D505A4862311449 /* WhisperSwiftKey */,
				3CDD70570B237D60B4268C1B /* WhisperSwiftKeyTests */,
			);
		};
/* End PBXProject section */

/* Begin PBXResourcesBuildPhase section */
		BD9D08C2749E02D564F6A3D7 /* Resources */ = {
			isa = PBXResourcesBuildPhase;
			buildActionMask = 2147483647;
			files = (
				AD4AAE2417043C893A6A5E77 /* Media.xcassets in Resources */,
			);
			runOnlyForDeploymentPostprocessing = 0;
		};
/* End PBXResourcesBuildPhase section */

/* Begin PBXSourcesBuildPhase section */
		9D5F0CB3A70FAE7C6D658AE7 /* Sources */ = {
			isa = PBXSourcesBuildPhase;
			buildActionMask = 2147483647;
			files = (
				BCC69D126D585286E12877B1 /* AppState.swift in Sources */,
				1F1463E5865BF4B7C7985FDE /* AudioService.swift in Sources */,
				4D749DB7892B079F3C7A4B24 /* HotkeyService.swift in Sources */,
				4AE80D5BCC67626ECC4294EE /* MenuBarView.swift in Sources */,
				81EDA901A5B89F70A50F4E39 /* OnboardingView.swift in Sources */,
				BE379AFA0AAEC1821D9EE706 /* RecordingOverlayView.swift in Sources */,
				5F1A5C6AE4E0D0FC85C9EAAC /* SettingsView.swift in Sources */,
				42A72191909220E9D0FFD2EF /* TextInsertionService.swift in Sources */,
				878D3F45A2B7B60FF000C786 /* Transcription.swift in Sources */,
				9715D40548791DE98FC223E0 /* WhisperService.swift in Sources */,
				660819813D7CFEFE04052F8B /* WhisperSwiftKeyApp.swift in Sources */,
			);
			runOnlyForDeploymentPostprocessing = 0;
		};
		C17C9E0D8D3CD18863C676C0 /* Sources */ = {
			isa = PBXSourcesBuildPhase;
			buildActionMask = 2147483647;
			files = (
				345C55AB84A05BFADF31E7EB /* DictationRegressionTests.swift in Sources */,
			);
			runOnlyForDeploymentPostprocessing = 0;
		};
/* End PBXSourcesBuildPhase section */

/* Begin PBXTargetDependency section */
		4D30C1584C4134AD943F729E /* PBXTargetDependency */ = {
			isa = PBXTargetDependency;
			target = 3B5942156D505A4862311449 /* WhisperSwiftKey */;
			targetProxy = 1254BF4068C9854784BA6CB6 /* PBXContainerItemProxy */;
		};
/* End PBXTargetDependency section */

/* Begin XCBuildConfiguration section */
		0BFBBC8A0254473B930189C8 /* Release */ = {
			isa = XCBuildConfiguration;
			buildSettings = {
				ASSETCATALOG_COMPILER_APPICON_NAME = AppIcon;
				CODE_SIGN_ENTITLEMENTS = WhisperSwiftKey/WhisperSwiftKey.entitlements;
				CODE_SIGN_IDENTITY = "Apple Development";
				CODE_SIGN_STYLE = Automatic;
				COMBINE_HIDPI_IMAGES = YES;
				CURRENT_PROJECT_VERSION = 2;
				DEVELOPMENT_TEAM = 34FWY7G2HB;
				ENABLE_APP_SANDBOX = NO;
				ENABLE_INCOMING_NETWORK_CONNECTIONS = NO;
				ENABLE_OUTGOING_NETWORK_CONNECTIONS = YES;
				ENABLE_RESOURCE_ACCESS_AUDIO_INPUT = YES;
				ENABLE_RESOURCE_ACCESS_BLUETOOTH = NO;
				ENABLE_RESOURCE_ACCESS_CALENDARS = NO;
				ENABLE_RESOURCE_ACCESS_CAMERA = NO;
				ENABLE_RESOURCE_ACCESS_CONTACTS = NO;
				ENABLE_RESOURCE_ACCESS_LOCATION = NO;
				ENABLE_RESOURCE_ACCESS_PRINTING = NO;
				ENABLE_RESOURCE_ACCESS_USB = NO;
				INFOPLIST_FILE = WhisperSwiftKey/Info.plist;
				LD_RUNPATH_SEARCH_PATHS = (
					"$(inherited)",
					"@executable_path/../Frameworks",
				);
				MACOSX_DEPLOYMENT_TARGET = 14.0;
				MARKETING_VERSION = 0.1.1;
				PRODUCT_BUNDLE_IDENTIFIER = com.laanlabs.WhisperSwiftKey;
				PROVISIONING_PROFILE_SPECIFIER = "";
				SDKROOT = macosx;
				SWIFT_VERSION = 5.9;
			};
			name = Release;
		};
		17EFF288D079C7275CC79981 /* Release */ = {
			isa = XCBuildConfiguration;
			buildSettings = {
				BUNDLE_LOADER = "$(TEST_HOST)";
				COMBINE_HIDPI_IMAGES = YES;
				GENERATE_INFOPLIST_FILE = YES;
				LD_RUNPATH_SEARCH_PATHS = (
					"$(inherited)",
					"@executable_path/../Frameworks",
					"@loader_path/../Frameworks",
				);
				PRODUCT_BUNDLE_IDENTIFIER = com.laanlabs.WhisperSwiftKeyTests;
				SDKROOT = macosx;
				TEST_HOST = "$(BUILT_PRODUCTS_DIR)/WhisperSwiftKey.app/Contents/MacOS/WhisperSwiftKey";
			};
			name = Release;
		};
		182A8F119AB8F74004030AAA /* Release */ = {
			isa = XCBuildConfiguration;
			buildSettings = {
				ALWAYS_SEARCH_USER_PATHS = NO;
				CLANG_ANALYZER_NONNULL = YES;
				CLANG_ANALYZER_NUMBER_OBJECT_CONVERSION = YES_AGGRESSIVE;
				CLANG_CXX_LANGUAGE_STANDARD = "gnu++14";
				CLANG_CXX_LIBRARY = "libc++";
				CLANG_ENABLE_MODULES = YES;
				CLANG_ENABLE_OBJC_ARC = YES;
				CLANG_ENABLE_OBJC_WEAK = YES;
				CLANG_WARN_BLOCK_CAPTURE_AUTORELEASING = YES;
				CLANG_WARN_BOOL_CONVERSION = YES;
				CLANG_WARN_COMMA = YES;
				CLANG_WARN_CONSTANT_CONVERSION = YES;
				CLANG_WARN_DEPRECATED_OBJC_IMPLEMENTATIONS = YES;
				CLANG_WARN_DIRECT_OBJC_ISA_USAGE = YES_ERROR;
				CLANG_WARN_DOCUMENTATION_COMMENTS = YES;
				CLANG_WARN_EMPTY_BODY = YES;
				CLANG_WARN_ENUM_CONVERSION = YES;
				CLANG_WARN_INFINITE_RECURSION = YES;
				CLANG_WARN_INT_CONVERSION = YES;
				CLANG_WARN_NON_LITERAL_NULL_CONVERSION = YES;
				CLANG_WARN_OBJC_IMPLICIT_RETAIN_SELF = YES;
				CLANG_WARN_OBJC_LITERAL_CONVERSION = YES;
				CLANG_WARN_OBJC_ROOT_CLASS = YES_ERROR;
				CLANG_WARN_QUOTED_INCLUDE_IN_FRAMEWORK_HEADER = YES;
				CLANG_WARN_RANGE_LOOP_ANALYSIS = YES;
				CLANG_WARN_STRICT_PROTOTYPES = YES;
				CLANG_WARN_SUSPICIOUS_MOVE = YES;
				CLANG_WARN_UNGUARDED_AVAILABILITY = YES_AGGRESSIVE;
				CLANG_WARN_UNREACHABLE_CODE = YES;
				CLANG_WARN__DUPLICATE_METHOD_MATCH = YES;
				COPY_PHASE_STRIP = NO;
				DEBUG_INFORMATION_FORMAT = "dwarf-with-dsym";
				ENABLE_NS_ASSERTIONS = NO;
				ENABLE_STRICT_OBJC_MSGSEND = YES;
				GCC_C_LANGUAGE_STANDARD = gnu11;
				GCC_NO_COMMON_BLOCKS = YES;
				GCC_WARN_64_TO_32_BIT_CONVERSION = YES;
				GCC_WARN_ABOUT_RETURN_TYPE = YES_ERROR;
				GCC_WARN_UNDECLARED_SELECTOR = YES;
				GCC_WARN_UNINITIALIZED_AUTOS = YES_AGGRESSIVE;
				GCC_WARN_UNUSED_FUNCTION = YES;
				GCC_WARN_UNUSED_VARIABLE = YES;
				MACOSX_DEPLOYMENT_TARGET = 14.0;
				MTL_ENABLE_DEBUG_INFO = NO;
				MTL_FAST_MATH = YES;
				PRODUCT_NAME = "$(TARGET_NAME)";
				SDKROOT = macosx;
				SWIFT_COMPILATION_MODE = wholemodule;
				SWIFT_OPTIMIZATION_LEVEL = "-O";
				SWIFT_VERSION = 5.0;
			};
			name = Release;
		};
		25CD9E898F9CCCA7A603B1C6 /* Debug */ = {
			isa = XCBuildConfiguration;
			buildSettings = {
				ASSETCATALOG_COMPILER_APPICON_NAME = AppIcon;
				CODE_SIGN_ENTITLEMENTS = WhisperSwiftKey/WhisperSwiftKey.entitlements;
				CODE_SIGN_IDENTITY = "Apple Development";
				CODE_SIGN_STYLE = Automatic;
				COMBINE_HIDPI_IMAGES = YES;
				CURRENT_PROJECT_VERSION = 2;
				DEVELOPMENT_TEAM = 34FWY7G2HB;
				ENABLE_APP_SANDBOX = NO;
				ENABLE_INCOMING_NETWORK_CONNECTIONS = NO;
				ENABLE_OUTGOING_NETWORK_CONNECTIONS = YES;
				ENABLE_RESOURCE_ACCESS_AUDIO_INPUT = YES;
				ENABLE_RESOURCE_ACCESS_BLUETOOTH = NO;
				ENABLE_RESOURCE_ACCESS_CALENDARS = NO;
				ENABLE_RESOURCE_ACCESS_CAMERA = NO;
				ENABLE_RESOURCE_ACCESS_CONTACTS = NO;
				ENABLE_RESOURCE_ACCESS_LOCATION = NO;
				ENABLE_RESOURCE_ACCESS_PRINTING = NO;
				ENABLE_RESOURCE_ACCESS_USB = NO;
				INFOPLIST_FILE = WhisperSwiftKey/Info.plist;
				LD_RUNPATH_SEARCH_PATHS = (
					"$(inherited)",
					"@executable_path/../Frameworks",
				);
				MACOSX_DEPLOYMENT_TARGET = 14.0;
				MARKETING_VERSION = 0.1.1;
				PRODUCT_BUNDLE_IDENTIFIER = com.laanlabs.WhisperSwiftKey;
				PROVISIONING_PROFILE_SPECIFIER = "";
				SDKROOT = macosx;
				SWIFT_VERSION = 5.9;
			};
			name = Debug;
		};
		7192738B4C1236C9FF0FAD7F /* Debug */ = {
			isa = XCBuildConfiguration;
			buildSettings = {
				BUNDLE_LOADER = "$(TEST_HOST)";
				COMBINE_HIDPI_IMAGES = YES;
				GENERATE_INFOPLIST_FILE = YES;
				LD_RUNPATH_SEARCH_PATHS = (
					"$(inherited)",
					"@executable_path/../Frameworks",
					"@loader_path/../Frameworks",
				);
				PRODUCT_BUNDLE_IDENTIFIER = com.laanlabs.WhisperSwiftKeyTests;
				SDKROOT = macosx;
				TEST_HOST = "$(BUILT_PRODUCTS_DIR)/WhisperSwiftKey.app/Contents/MacOS/WhisperSwiftKey";
			};
			name = Debug;
		};
		B1ACFDB326ABACF73A49F3BD /* Debug */ = {
			isa = XCBuildConfiguration;
			buildSettings = {
				ALWAYS_SEARCH_USER_PATHS = NO;
				CLANG_ANALYZER_NONNULL = YES;
				CLANG_ANALYZER_NUMBER_OBJECT_CONVERSION = YES_AGGRESSIVE;
				CLANG_CXX_LANGUAGE_STANDARD = "gnu++14";
				CLANG_CXX_LIBRARY = "libc++";
				CLANG_ENABLE_MODULES = YES;
				CLANG_ENABLE_OBJC_ARC = YES;
				CLANG_ENABLE_OBJC_WEAK = YES;
				CLANG_WARN_BLOCK_CAPTURE_AUTORELEASING = YES;
				CLANG_WARN_BOOL_CONVERSION = YES;
				CLANG_WARN_COMMA = YES;
				CLANG_WARN_CONSTANT_CONVERSION = YES;
				CLANG_WARN_DEPRECATED_OBJC_IMPLEMENTATIONS = YES;
				CLANG_WARN_DIRECT_OBJC_ISA_USAGE = YES_ERROR;
				CLANG_WARN_DOCUMENTATION_COMMENTS = YES;
				CLANG_WARN_EMPTY_BODY = YES;
				CLANG_WARN_ENUM_CONVERSION = YES;
				CLANG_WARN_INFINITE_RECURSION = YES;
				CLANG_WARN_INT_CONVERSION = YES;
				CLANG_WARN_NON_LITERAL_NULL_CONVERSION = YES;
				CLANG_WARN_OBJC_IMPLICIT_RETAIN_SELF = YES;
				CLANG_WARN_OBJC_LITERAL_CONVERSION = YES;
				CLANG_WARN_OBJC_ROOT_CLASS = YES_ERROR;
				CLANG_WARN_QUOTED_INCLUDE_IN_FRAMEWORK_HEADER = YES;
				CLANG_WARN_RANGE_LOOP_ANALYSIS = YES;
				CLANG_WARN_STRICT_PROTOTYPES = YES;
				CLANG_WARN_SUSPICIOUS_MOVE = YES;
				CLANG_WARN_UNGUARDED_AVAILABILITY = YES_AGGRESSIVE;
				CLANG_WARN_UNREACHABLE_CODE = YES;
				CLANG_WARN__DUPLICATE_METHOD_MATCH = YES;
				COPY_PHASE_STRIP = NO;
				DEBUG_INFORMATION_FORMAT = dwarf;
				ENABLE_STRICT_OBJC_MSGSEND = YES;
				ENABLE_TESTABILITY = YES;
				GCC_C_LANGUAGE_STANDARD = gnu11;
				GCC_DYNAMIC_NO_PIC = NO;
				GCC_NO_COMMON_BLOCKS = YES;
				GCC_OPTIMIZATION_LEVEL = 0;
				GCC_PREPROCESSOR_DEFINITIONS = (
					"$(inherited)",
					"DEBUG=1",
				);
				GCC_WARN_64_TO_32_BIT_CONVERSION = YES;
				GCC_WARN_ABOUT_RETURN_TYPE = YES_ERROR;
				GCC_WARN_UNDECLARED_SELECTOR = YES;
				GCC_WARN_UNINITIALIZED_AUTOS = YES_AGGRESSIVE;
				GCC_WARN_UNUSED_FUNCTION = YES;
				GCC_WARN_UNUSED_VARIABLE = YES;
				MACOSX_DEPLOYMENT_TARGET = 14.0;
				MTL_ENABLE_DEBUG_INFO = INCLUDE_SOURCE;
				MTL_FAST_MATH = YES;
				ONLY_ACTIVE_ARCH = YES;
				PRODUCT_NAME = "$(TARGET_NAME)";
				SDKROOT = macosx;
				SWIFT_ACTIVE_COMPILATION_CONDITIONS = DEBUG;
				SWIFT_OPTIMIZATION_LEVEL = "-Onone";
				SWIFT_VERSION = 5.0;
			};
			name = Debug;
		};
/* End XCBuildConfiguration section */

/* Begin XCConfigurationList section */
		56D91A145713E579133D36EC /* Build configuration list for PBXNativeTarget "WhisperSwiftKey" */ = {
			isa = XCConfigurationList;
			buildConfigurations = (
				25CD9E898F9CCCA7A603B1C6 /* Debug */,
				0BFBBC8A0254473B930189C8 /* Release */,
			);
			defaultConfigurationIsVisible = 0;
			defaultConfigurationName = Debug;
		};
		718E0F11FF757DCC1A834639 /* Build configuration list for PBXProject "WhisperSwiftKey" */ = {
			isa = XCConfigurationList;
			buildConfigurations = (
				B1ACFDB326ABACF73A49F3BD /* Debug */,
				182A8F119AB8F74004030AAA /* Release */,
			);
			defaultConfigurationIsVisible = 0;
			defaultConfigurationName = Debug;
		};
		F2184E2AAB92FDD9B5F19BB4 /* Build configuration list for PBXNativeTarget "WhisperSwiftKeyTests" */ = {
			isa = XCConfigurationList;
			buildConfigurations = (
				7192738B4C1236C9FF0FAD7F /* Debug */,
				17EFF288D079C7275CC79981 /* Release */,
			);
			defaultConfigurationIsVisible = 0;
			defaultConfigurationName = Debug;
		};
/* End XCConfigurationList section */

/* Begin XCRemoteSwiftPackageReference section */
		CDBB0EA2695B703300D27583 /* XCRemoteSwiftPackageReference "WhisperKit" */ = {
			isa = XCRemoteSwiftPackageReference;
			repositoryURL = "https://github.com/argmaxinc/WhisperKit";
			requirement = {
				kind = upToNextMajorVersion;
				minimumVersion = 0.18.0;
			};
		};
/* End XCRemoteSwiftPackageReference section */

/* Begin XCSwiftPackageProductDependency section */
		E177C4199EA6FFD854D13A87 /* WhisperKit */ = {
			isa = XCSwiftPackageProductDependency;
			package = CDBB0EA2695B703300D27583 /* XCRemoteSwiftPackageReference "WhisperKit" */;
			productName = WhisperKit;
		};
/* End XCSwiftPackageProductDependency section */
	};
	rootObject = 2C5895126E310C2468C9FB1E /* Project object */;
}
